
Microsoft Visual Studio Solution File, Format Version 12.00
# Visual Studio Version 16
VisualStudioVersion = 16.0.34601.136
MinimumVisualStudioVersion = 10.0.40219.1
Project("{FAE04EC0-301F-11D3-BF4B-00C04F79EFBC}") = "FighterPunch", "FighterPunch.csproj", "{07F1A0A8-A211-4BB1-B7BD-A3C4D96B3E0D}"
EndProject
Global
	GlobalSection(SolutionConfigurationPlatforms) = preSolution
		Debug|Any CPU = Debug|Any CPU
		Release|Any CPU = Release|Any CPU
	EndGlobalSection
	GlobalSection(ProjectConfigurationPlatforms) = postSolution
		{07F1A0A8-A211-4BB1-B7BD-A3C4D96B3E0D}.Debug|Any CPU.ActiveCfg = Debug|Any CPU
		{07F1A0A8-A211-4BB1-B7BD-A3C4D96B3E0D}.Debug|Any CPU.Build.0 = Debug|Any CPU
		{07F1A0A8-A211-4BB1-B7BD-A3C4D96B3E0D}.Release|Any CPU.ActiveCfg = Release|Any CPU
		{07F1A0A8-A211-4BB1-B7BD-A3C4D96B3E0D}.Release|Any CPU.Build.0 = Release|Any CPU
	EndGlobalSection
	GlobalSection(SolutionProperties) = preSolution
		HideSolutionNode = FALSE
	EndGlobalSection
	GlobalSection(ExtensibilityGlobals) = postSolution
		SolutionGuid = {F3E20C9C-B332-42E1-BC7C-92959CD7C058}
	EndGlobalSection
EndGlobal
